
Microsoft Visual Studio Solution File, Format Version 12.00
# Visual Studio Version 17
VisualStudioVersion = 17.7.34009.444
MinimumVisualStudioVersion = 10.0.40219.1
Project("{FAE04EC0-301F-11D3-BF4B-00C04F79EFBC}") = "TiendaOnline_API", "TiendaOnline_API\TiendaOnline_API.csproj", "{C614A0B1-111A-4833-ABBC-7DDFE4DBEDA3}"
EndProject
Global
	GlobalSection(SolutionConfigurationPlatforms) = preSolution
		Debug|Any CPU = Debug|Any CPU
		Release|Any CPU = Release|Any CPU
	EndGlobalSection
	GlobalSection(ProjectConfigurationPlatforms) = postSolution
		{C614A0B1-111A-4833-ABBC-7DDFE4DBEDA3}.Debug|Any CPU.ActiveCfg = Debug|Any CPU
		{C614A0B1-111A-4833-ABBC-7DDFE4DBEDA3}.Debug|Any CPU.Build.0 = Debug|Any CPU
		{C614A0B1-111A-4833-ABBC-7DDFE4DBEDA3}.Release|Any CPU.ActiveCfg = Release|Any CPU
		{C614A0B1-111A-4833-ABBC-7DDFE4DBEDA3}.Release|Any CPU.Build.0 = Release|Any CPU
	EndGlobalSection
	GlobalSection(SolutionProperties) = preSolution
		HideSolutionNode = FALSE
	EndGlobalSection
	GlobalSection(ExtensibilityGlobals) = postSolution
		SolutionGuid = {259845E4-85C5-4769-AE71-5736AB70BC6F}
	EndGlobalSection
EndGlobal
